{
    "requires": true,
    "lockfileVersion": 1,
    "dependencies": {
        "angular-bootstrap-md": {
            "version": "6.1.4",
            "resolved": "https://registry.npmjs.org/angular-bootstrap-md/-/angular-bootstrap-md-6.1.4.tgz",
            "integrity": "sha512-oz5NJZaaQ6C16zClG7squ5dWOVjOY8iJbzlTgEMhvFqaQuLbOezdbP75ifJsSnaypSBA7SlrMMFj3QbRuiMgnw=="
        }
    }
}
